<?xml version="1.0" encoding="utf-8"?>
<Project ToolsVersion="4.0" xmlns="http://schemas.microsoft.com/developer/msbuild/2003">
  <ItemGroup>
    <Filter Include="Main">
      <UniqueIdentifier>{8c105dbd-ae36-4442-ae28-ddecaf43cc48}</UniqueIdentifier>
    </Filter>
    <Filter Include="Common">
      <UniqueIdentifier>{c14213af-4f4c-433f-ace8-0c65e1c5721a}</UniqueIdentifier>
    </Filter>
    <Filter Include="Thread">
      <UniqueIdentifier>{f0727257-3116-4e30-80fe-fe1ecebe7642}</UniqueIdentifier>
    </Filter>
    <Filter Include="FileHandling">
      <UniqueIdentifier>{d95e9d64-ad71-4e8f-8e77-1f185ca328ff}</UniqueIdentifier>
    </Filter>
    <Filter Include="Log">
      <UniqueIdentifier>{0a2ff144-b9a9-40a7-91df-24ec4deaa964}</UniqueIdentifier>
    </Filter>
    <Filter Include="Lua">
      <UniqueIdentifier>{06eeed45-7466-4462-bc02-135870bd4022}</UniqueIdentifier>
    </Filter>
    <Filter Include="Configuration">
      <UniqueIdentifier>{929edd84-3669-4201-b691-41804ca8e24d}</UniqueIdentifier>
    </Filter>
    <Filter Include="EventSystem">
      <UniqueIdentifier>{d6056576-1a39-4492-bf28-96f270e35ca4}</UniqueIdentifier>
    </Filter>
    <Filter Include="SharedValue">
      <UniqueIdentifier>{be229b73-7075-4ae7-acbd-273d06a7c052}</UniqueIdentifier>
    </Filter>
    <Filter Include="Network">
      <UniqueIdentifier>{a78a82b4-a0e2-4c6a-aefc-1ff64df4e453}</UniqueIdentifier>
    </Filter>
    <Filter Include="cppformat">
      <UniqueIdentifier>{76f84df9-e61d-48a1-9012-4281d0847c76}</UniqueIdentifier>
    </Filter>
  </ItemGroup>
  <ItemGroup>
    <ClInclude Include="CommonInclude.h">
      <Filter>Main</Filter>
    </ClInclude>
    <ClInclude Include="CommonInclude_System.h">
      <Filter>Main</Filter>
    </ClInclude>
    <ClInclude Include="ConsoleCreator.h">
      <Filter>Main</Filter>
    </ClInclude>
    <ClInclude Include="StdAfx.h">
      <Filter>Main</Filter>
    </ClInclude>
    <ClInclude Include="CommonUtilityFunctions.h">
      <Filter>Common</Filter>
    </ClInclude>
    <ClInclude Include="DebugAssert.h">
      <Filter>Common</Filter>
    </ClInclude>
    <ClInclude Include="DefaultValue.h">
      <Filter>Common</Filter>
    </ClInclude>
    <ClInclude Include="FormatThousands.h">
      <Filter>Common</Filter>
    </ClInclude>
    <ClInclude Include="IntrusiveList.h">
      <Filter>Common</Filter>
    </ClInclude>
    <ClInclude Include="IntrusivePtr.h">
      <Filter>Common</Filter>
    </ClInclude>
    <ClInclude Include="LocatableResource.h">
      <Filter>Common</Filter>
    </ClInclude>
    <ClInclude Include="ProgramArguments.h">
      <Filter>Common</Filter>
    </ClInclude>
    <ClInclude Include="ProgramTitle.h">
      <Filter>Common</Filter>
    </ClInclude>
    <ClInclude Include="Random.h">
      <Filter>Common</Filter>
    </ClInclude>
    <ClInclude Include="RegisteredID.h">
      <Filter>Common</Filter>
    </ClInclude>
    <ClInclude Include="ResourceLocation.h">
      <Filter>Common</Filter>
    </ClInclude>
    <ClInclude Include="singleton.h">
      <Filter>Common</Filter>
    </ClInclude>
    <ClInclude Include="StringList.h">
      <Filter>Common</Filter>
    </ClInclude>
    <ClInclude Include="TodayString.h">
      <Filter>Common</Filter>
    </ClInclude>
    <ClInclude Include="utf8.h">
      <Filter>Common</Filter>
    </ClInclude>
    <ClInclude Include="x64Common.h">
      <Filter>Common</Filter>
    </ClInclude>
    <ClInclude Include="Thread\CallBack.h">
      <Filter>Thread</Filter>
    </ClInclude>
    <ClInclude Include="Thread\i_thread.h">
      <Filter>Thread</Filter>
    </ClInclude>
    <ClInclude Include="Thread\Mutex.h">
      <Filter>Thread</Filter>
    </ClInclude>
    <ClInclude Include="Thread\NativeEvent.h">
      <Filter>Thread</Filter>
    </ClInclude>
    <ClInclude Include="Thread\Reactor.h">
      <Filter>Thread</Filter>
    </ClInclude>
    <ClInclude Include="Thread\Reactor_MessagePump.h">
      <Filter>Thread</Filter>
    </ClInclude>
    <ClInclude Include="Thread\Thread.h">
      <Filter>Thread</Filter>
    </ClInclude>
    <ClInclude Include="Thread\ThreadLocalStorage.h">
      <Filter>Thread</Filter>
    </ClInclude>
    <ClInclude Include="Thread\ThreadServer.h">
      <Filter>Thread</Filter>
    </ClInclude>
    <ClInclude Include="Thread\TimerRequest.h">
      <Filter>Thread</Filter>
    </ClInclude>
    <ClInclude Include="Thread\TimerServer.h">
      <Filter>Thread</Filter>
    </ClInclude>
    <ClInclude Include="Log\i_log.h">
      <Filter>Log</Filter>
    </ClInclude>
    <ClInclude Include="Log\Log.h">
      <Filter>Log</Filter>
    </ClInclude>
    <ClInclude Include="Log\LogChunk.h">
      <Filter>Log</Filter>
    </ClInclude>
    <ClInclude Include="Log\MainLog.h">
      <Filter>Log</Filter>
    </ClInclude>
    <ClInclude Include="Log\StandardLogPlugins.h">
      <Filter>Log</Filter>
    </ClInclude>
    <ClInclude Include="lua\i_lua.h">
      <Filter>Lua</Filter>
    </ClInclude>
    <ClInclude Include="lua\InitLua.h">
      <Filter>Lua</Filter>
    </ClInclude>
    <ClInclude Include="Configuration\Config.h">
      <Filter>Configuration</Filter>
    </ClInclude>
    <ClInclude Include="Configuration\EmptyConfig.h">
      <Filter>Configuration</Filter>
    </ClInclude>
    <ClInclude Include="Configuration\i_configuration.h">
      <Filter>Configuration</Filter>
    </ClInclude>
    <ClInclude Include="Configuration\LuaConfig.h">
      <Filter>Configuration</Filter>
    </ClInclude>
    <ClInclude Include="Configuration\SimpleConfig.h">
      <Filter>Configuration</Filter>
    </ClInclude>
    <ClInclude Include="EventSystem\Event.h">
      <Filter>EventSystem</Filter>
    </ClInclude>
    <ClInclude Include="EventSystem\EventCenter.h">
      <Filter>EventSystem</Filter>
    </ClInclude>
    <ClInclude Include="EventSystem\EventDispatcher.h">
      <Filter>EventSystem</Filter>
    </ClInclude>
    <ClInclude Include="EventSystem\EventSystem_Internal.h">
      <Filter>EventSystem</Filter>
    </ClInclude>
    <ClInclude Include="EventSystem\i_EventSystem.h">
      <Filter>EventSystem</Filter>
    </ClInclude>
    <ClInclude Include="CallableList.h">
      <Filter>Common</Filter>
    </ClInclude>
    <ClInclude Include="SharedValue\SharedValue.h">
      <Filter>SharedValue</Filter>
    </ClInclude>
    <ClInclude Include="SharedValue\SimpleValue.h">
      <Filter>SharedValue</Filter>
    </ClInclude>
    <ClInclude Include="SharedValue\i_SharedValue.h">
      <Filter>SharedValue</Filter>
    </ClInclude>
    <ClInclude Include="network\i_Network.h">
      <Filter>Network</Filter>
    </ClInclude>
    <ClInclude Include="network\Socket.h">
      <Filter>Network</Filter>
    </ClInclude>
    <ClInclude Include="ProgramDirector.h">
      <Filter>Common</Filter>
    </ClInclude>
    <ClInclude Include="network\TCPAcceptor.h">
      <Filter>Network</Filter>
    </ClInclude>
    <ClInclude Include="network\SocketAddress.h">
      <Filter>Network</Filter>
    </ClInclude>
    <ClInclude Include="Point.h">
      <Filter>Common</Filter>
    </ClInclude>
    <ClInclude Include="DestroyTrap.h">
      <Filter>Common</Filter>
    </ClInclude>
    <ClInclude Include="MemoryStream.h">
      <Filter>Common</Filter>
    </ClInclude>
    <ClInclude Include="stdExtension.h">
      <Filter>Common</Filter>
    </ClInclude>
    <ClInclude Include="cppformat\format.h">
      <Filter>cppformat</Filter>
    </ClInclude>
    <ClInclude Include="DataHolder.h">
      <Filter>Common</Filter>
    </ClInclude>
    <ClInclude Include="EventSystem\EventDispatchers.h">
      <Filter>EventSystem</Filter>
    </ClInclude>
    <ClInclude Include="CallableList2.h">
      <Filter>Common</Filter>
    </ClInclude>
    <ClInclude Include="RegisteredObjects.h">
      <Filter>Common</Filter>
    </ClInclude>
    <ClInclude Include="network\StreamedSocket2.h">
      <Filter>Network</Filter>
    </ClInclude>
    <ClInclude Include="network\StreamedSocketCommunicator.h">
      <Filter>Network</Filter>
    </ClInclude>
    <ClInclude Include="DropGuarded.h">
      <Filter>Common</Filter>
    </ClInclude>
    <ClInclude Include="FileHandling\FastFileReader.h">
      <Filter>FileHandling</Filter>
    </ClInclude>
    <ClInclude Include="FileHandling\FileMapper.h">
      <Filter>FileHandling</Filter>
    </ClInclude>
    <ClInclude Include="FileHandling\i_FileHandling.h">
      <Filter>FileHandling</Filter>
    </ClInclude>
    <ClInclude Include="FileHandling\Path.h">
      <Filter>FileHandling</Filter>
    </ClInclude>
    <ClInclude Include="FileHandling\File.h">
      <Filter>FileHandling</Filter>
    </ClInclude>
    <ClInclude Include="Configuration\CSVConfig.h">
      <Filter>Configuration</Filter>
    </ClInclude>
    <ClInclude Include="Factory.h">
      <Filter>Common</Filter>
    </ClInclude>
    <ClInclude Include="Log\TextLog.h">
      <Filter>Log</Filter>
    </ClInclude>
    <ClInclude Include="EventSystem\TextLogToEvent.h">
      <Filter>EventSystem</Filter>
    </ClInclude>
    <ClInclude Include="network\SocketErrorCodes.h">
      <Filter>Network</Filter>
    </ClInclude>
    <ClInclude Include="lua\LuaObjectSynch.h">
      <Filter>Lua</Filter>
    </ClInclude>
    <ClInclude Include="EventSystem\messaging.h">
      <Filter>EventSystem</Filter>
    </ClInclude>
  </ItemGroup>
  <ItemGroup>
    <ClCompile Include="ConsoleCreator.cpp">
      <Filter>Main</Filter>
    </ClCompile>
    <ClCompile Include="StdAfx.cpp">
      <Filter>Main</Filter>
    </ClCompile>
    <ClCompile Include="CommonUtilityFunctions.cpp">
      <Filter>Common</Filter>
    </ClCompile>
    <ClCompile Include="DebugAssert.cpp">
      <Filter>Common</Filter>
    </ClCompile>
    <ClCompile Include="ProgramArguments.cpp">
      <Filter>Common</Filter>
    </ClCompile>
    <ClCompile Include="ProgramTitle.cpp">
      <Filter>Common</Filter>
    </ClCompile>
    <ClCompile Include="Random.cpp">
      <Filter>Common</Filter>
    </ClCompile>
    <ClCompile Include="StringList.cpp">
      <Filter>Common</Filter>
    </ClCompile>
    <ClCompile Include="TodayString.cpp">
      <Filter>Common</Filter>
    </ClCompile>
    <ClCompile Include="utf8.cpp">
      <Filter>Common</Filter>
    </ClCompile>
    <ClCompile Include="Thread\NativeEvent.cpp">
      <Filter>Thread</Filter>
    </ClCompile>
    <ClCompile Include="Thread\Reactor.cpp">
      <Filter>Thread</Filter>
    </ClCompile>
    <ClCompile Include="Thread\Reactor_MessagePump.cpp">
      <Filter>Thread</Filter>
    </ClCompile>
    <ClCompile Include="Thread\Thread.cpp">
      <Filter>Thread</Filter>
    </ClCompile>
    <ClCompile Include="Thread\Thread_all.cpp">
      <Filter>Thread</Filter>
    </ClCompile>
    <ClCompile Include="Thread\ThreadLocalStorage.cpp">
      <Filter>Thread</Filter>
    </ClCompile>
    <ClCompile Include="Thread\ThreadServer.cpp">
      <Filter>Thread</Filter>
    </ClCompile>
    <ClCompile Include="Thread\TimerServer.cpp">
      <Filter>Thread</Filter>
    </ClCompile>
    <ClCompile Include="Log\Log.cpp">
      <Filter>Log</Filter>
    </ClCompile>
    <ClCompile Include="Log\Log_all.cpp">
      <Filter>Log</Filter>
    </ClCompile>
    <ClCompile Include="Log\LogChunk.cpp">
      <Filter>Log</Filter>
    </ClCompile>
    <ClCompile Include="Log\MainLog.cpp">
      <Filter>Log</Filter>
    </ClCompile>
    <ClCompile Include="Log\StandardLogPlugins.cpp">
      <Filter>Log</Filter>
    </ClCompile>
    <ClCompile Include="lua\InitLua.cpp">
      <Filter>Lua</Filter>
    </ClCompile>
    <ClCompile Include="lua\Lua_all.cpp">
      <Filter>Lua</Filter>
    </ClCompile>
    <ClCompile Include="Configuration\Configuration_all.cpp">
      <Filter>Configuration</Filter>
    </ClCompile>
    <ClCompile Include="Configuration\EmptyConfig.cpp">
      <Filter>Configuration</Filter>
    </ClCompile>
    <ClCompile Include="Configuration\LuaConfig.cpp">
      <Filter>Configuration</Filter>
    </ClCompile>
    <ClCompile Include="Configuration\SimpleConfig.cpp">
      <Filter>Configuration</Filter>
    </ClCompile>
    <ClCompile Include="EventSystem\Event.cpp">
      <Filter>EventSystem</Filter>
    </ClCompile>
    <ClCompile Include="EventSystem\EventCenter.cpp">
      <Filter>EventSystem</Filter>
    </ClCompile>
    <ClCompile Include="EventSystem\EventDispatcher.cpp">
      <Filter>EventSystem</Filter>
    </ClCompile>
    <ClCompile Include="EventSystem\EventSystem_all.cpp">
      <Filter>EventSystem</Filter>
    </ClCompile>
    <ClCompile Include="Configuration\Config.cpp">
      <Filter>Configuration</Filter>
    </ClCompile>
    <ClCompile Include="CallableList.cpp">
      <Filter>Common</Filter>
    </ClCompile>
    <ClCompile Include="SharedValue\SharedValue.cpp">
      <Filter>SharedValue</Filter>
    </ClCompile>
    <ClCompile Include="SharedValue\SimpleValue.cpp">
      <Filter>SharedValue</Filter>
    </ClCompile>
    <ClCompile Include="RegisteredID.cpp">
      <Filter>Common</Filter>
    </ClCompile>
    <ClCompile Include="network\Network_all.cpp">
      <Filter>Network</Filter>
    </ClCompile>
    <ClCompile Include="network\Socket.cpp">
      <Filter>Network</Filter>
    </ClCompile>
    <ClCompile Include="ProgramDirector.cpp">
      <Filter>Common</Filter>
    </ClCompile>
    <ClCompile Include="network\TCPAcceptor.cpp">
      <Filter>Network</Filter>
    </ClCompile>
    <ClCompile Include="network\SocketAddress.cpp">
      <Filter>Network</Filter>
    </ClCompile>
    <ClCompile Include="IntrusivePtr.cpp">
      <Filter>Common</Filter>
    </ClCompile>
    <ClCompile Include="DestroyTrap.cpp">
      <Filter>Common</Filter>
    </ClCompile>
    <ClCompile Include="MemoryStream.cpp">
      <Filter>Common</Filter>
    </ClCompile>
    <ClCompile Include="cppformat\format.cc">
      <Filter>cppformat</Filter>
    </ClCompile>
    <ClCompile Include="EventSystem\EventDispatchers.cpp">
      <Filter>EventSystem</Filter>
    </ClCompile>
    <ClCompile Include="network\StreamedSocket2.cpp">
      <Filter>Network</Filter>
    </ClCompile>
    <ClCompile Include="FileHandling\FastFileReader.cpp">
      <Filter>FileHandling</Filter>
    </ClCompile>
    <ClCompile Include="FileHandling\FileMapper.cpp">
      <Filter>FileHandling</Filter>
    </ClCompile>
    <ClCompile Include="FileHandling\Path.cpp">
      <Filter>FileHandling</Filter>
    </ClCompile>
    <ClCompile Include="FileHandling\File.cpp">
      <Filter>FileHandling</Filter>
    </ClCompile>
    <ClCompile Include="Configuration\CSVConfig.cpp">
      <Filter>Configuration</Filter>
    </ClCompile>
    <ClCompile Include="Log\TextLog.cpp">
      <Filter>Log</Filter>
    </ClCompile>
    <ClCompile Include="EventSystem\TextLogToEvent.cpp">
      <Filter>EventSystem</Filter>
    </ClCompile>
    <ClCompile Include="network\SocketErrorCodes.cpp">
      <Filter>Network</Filter>
    </ClCompile>
    <ClCompile Include="lua\LuaObjectSynch.cpp">
      <Filter>Lua</Filter>
    </ClCompile>
    <ClCompile Include="EventSystem\messaging.cpp">
      <Filter>EventSystem</Filter>
    </ClCompile>
  </ItemGroup>
</Project>